// !$*UTF8*$!
{
	archiveVersion = 1;
	classes = {
	};
	objectVersion = 46;
	objects = {

/* Begin PBXBuildFile section */
		6FA2811D19A3423F00A5C18E /* Foundation.framework in Frameworks */ = {isa = PBXBuildFile; fileRef = 6FA2811C19A3423F00A5C18E /* Foundation.framework */; };
		6FA2811F19A3423F00A5C18E /* CoreGraphics.framework in Frameworks */ = {isa = PBXBuildFile; fileRef = 6FA2811E19A3423F00A5C18E /* CoreGraphics.framework */; };
		6FA2812119A3423F00A5C18E /* UIKit.framework in Frameworks */ = {isa = PBXBuildFile; fileRef = 6FA2812019A3423F00A5C18E /* UIKit.framework */; };
		6FA2812719A3423F00A5C18E /* InfoPlist.strings in Resources */ = {isa = PBXBuildFile; fileRef = 6FA2812519A3423F00A5C18E /* InfoPlist.strings */; };
		6FA2812919A3423F00A5C18E /* main.m in Sources */ = {isa = PBXBuildFile; fileRef = 6FA2812819A3423F00A5C18E /* main.m */; };
		6FA2812D19A3423F00A5C18E /* ChatTestAppDelegate.m in Sources */ = {isa = PBXBuildFile; fileRef = 6FA2812C19A3423F00A5C18E /* ChatTestAppDelegate.m */; };
		6FA2813019A3423F00A5C18E /* Main.storyboard in Resources */ = {isa = PBXBuildFile; fileRef = 6FA2812E19A3423F00A5C18E /* Main.storyboard */; };
		6FA2813319A3423F00A5C18E /* ChatTestViewController.m in Sources */ = {isa = PBXBuildFile; fileRef = 6FA2813219A3423F00A5C18E /* ChatTestViewController.m */; };
		6FA2813519A3423F00A5C18E /* Images.xcassets in Resources */ = {isa = PBXBuildFile; fileRef = 6FA2813419A3423F00A5C18E /* Images.xcassets */; };
		6FA2813C19A3423F00A5C18E /* XCTest.framework in Frameworks */ = {isa = PBXBuildFile; fileRef = 6FA2813B19A3423F00A5C18E /* XCTest.framework */; };
		6FA2813D19A3423F00A5C18E /* Foundation.framework in Frameworks */ = {isa = PBXBuildFile; fileRef = 6FA2811C19A3423F00A5C18E /* Foundation.framework */; };
		6FA2813E19A3423F00A5C18E /* UIKit.framework in Frameworks */ = {isa = PBXBuildFile; fileRef = 6FA2812019A3423F00A5C18E /* UIKit.framework */; };
		6FA2814619A3423F00A5C18E /* InfoPlist.strings in Resources */ = {isa = PBXBuildFile; fileRef = 6FA2814419A3423F00A5C18E /* InfoPlist.strings */; };
		6FA2814819A3423F00A5C18E /* chattestTests.m in Sources */ = {isa = PBXBuildFile; fileRef = 6FA2814719A3423F00A5C18E /* chattestTests.m */; };
		6FA2815419A3435500A5C18E /* SIOSocket.m in Sources */ = {isa = PBXBuildFile; fileRef = 6FA2815219A3435500A5C18E /* SIOSocket.m */; };
/* End PBXBuildFile section */

/* Begin PBXContainerItemProxy section */
		6FA2813F19A3423F00A5C18E /* PBXContainerItemProxy */ = {
			isa = PBXContainerItemProxy;
			containerPortal = 6FA2811119A3423F00A5C18E /* Project object */;
			proxyType = 1;
			remoteGlobalIDString = 6FA2811819A3423F00A5C18E;
			remoteInfo = chattest;
		};
/* End PBXContainerItemProxy section */

/* Begin PBXFileReference section */
		6FA2811919A3423F00A5C18E /* chattest.app */ = {isa = PBXFileReference; explicitFileType = wrapper.application; includeInIndex = 0; path = chattest.app; sourceTree = BUILT_PRODUCTS_DIR; };
		6FA2811C19A3423F00A5C18E /* Foundation.framework */ = {isa = PBXFileReference; lastKnownFileType = wrapper.framework; name = Foundation.framework; path = System/Library/Frameworks/Foundation.framework; sourceTree = SDKROOT; };
		6FA2811E19A3423F00A5C18E /* CoreGraphics.framework */ = {isa = PBXFileReference; lastKnownFileType = wrapper.framework; name = CoreGraphics.framework; path = System/Library/Frameworks/CoreGraphics.framework; sourceTree = SDKROOT; };
		6FA2812019A3423F00A5C18E /* UIKit.framework */ = {isa = PBXFileReference; lastKnownFileType = wrapper.framework; name = UIKit.framework; path = System/Library/Frameworks/UIKit.framework; sourceTree = SDKROOT; };
		6FA2812419A3423F00A5C18E /* chattest-Info.plist */ = {isa = PBXFileReference; lastKnownFileType = text.plist.xml; path = "chattest-Info.plist"; sourceTree = "<group>"; };
		6FA2812619A3423F00A5C18E /* en */ = {isa = PBXFileReference; lastKnownFileType = text.plist.strings; name = en; path = en.lproj/InfoPlist.strings; sourceTree = "<group>"; };
		6FA2812819A3423F00A5C18E /* main.m */ = {isa = PBXFileReference; lastKnownFileType = sourcecode.c.objc; path = main.m; sourceTree = "<group>"; };
		6FA2812A19A3423F00A5C18E /* chattest-Prefix.pch */ = {isa = PBXFileReference; lastKnownFileType = sourcecode.c.h; path = "chattest-Prefix.pch"; sourceTree = "<group>"; };
		6FA2812B19A3423F00A5C18E /* ChatTestAppDelegate.h */ = {isa = PBXFileReference; lastKnownFileType = sourcecode.c.h; path = ChatTestAppDelegate.h; sourceTree = "<group>"; };
		6FA2812C19A3423F00A5C18E /* ChatTestAppDelegate.m */ = {isa = PBXFileReference; lastKnownFileType = sourcecode.c.objc; path = ChatTestAppDelegate.m; sourceTree = "<group>"; };
		6FA2812F19A3423F00A5C18E /* Base */ = {isa = PBXFileReference; lastKnownFileType = file.storyboard; name = Base; path = Base.lproj/Main.storyboard; sourceTree = "<group>"; };
		6FA2813119A3423F00A5C18E /* ChatTestViewController.h */ = {isa = PBXFileReference; lastKnownFileType = sourcecode.c.h; path = ChatTestViewController.h; sourceTree = "<group>"; };
		6FA2813219A3423F00A5C18E /* ChatTestViewController.m */ = {isa = PBXFileReference; lastKnownFileType = sourcecode.c.objc; path = ChatTestViewController.m; sourceTree = "<group>"; };
		6FA2813419A3423F00A5C18E /* Images.xcassets */ = {isa = PBXFileReference; lastKnownFileType = folder.assetcatalog; path = Images.xcassets; sourceTree = "<group>"; };
		6FA2813A19A3423F00A5C18E /* chattestTests.xctest */ = {isa = PBXFileReference; explicitFileType = wrapper.cfbundle; includeInIndex = 0; path = chattestTests.xctest; sourceTree = BUILT_PRODUCTS_DIR; };
		6FA2813B19A3423F00A5C18E /* XCTest.framework */ = {isa = PBXFileReference; lastKnownFileType = wrapper.framework; name = XCTest.framework; path = Library/Frameworks/XCTest.framework; sourceTree = DEVELOPER_DIR; };
		6FA2814319A3423F00A5C18E /* chattestTests-Info.plist */ = {isa = PBXFileReference; lastKnownFileType = text.plist.xml; path = "chattestTests-Info.plist"; sourceTree = "<group>"; };
		6FA2814519A3423F00A5C18E /* en */ = {isa = PBXFileReference; lastKnownFileType = text.plist.strings; name = en; path = en.lproj/InfoPlist.strings; sourceTree = "<group>"; };
		6FA2814719A3423F00A5C18E /* chattestTests.m */ = {isa = PBXFileReference; lastKnownFileType = sourcecode.c.objc; path = chattestTests.m; sourceTree = "<group>"; };
		6FA2815119A3435500A5C18E /* SIOSocket.h */ = {isa = PBXFileReference; fileEncoding = 4; lastKnownFileType = sourcecode.c.h; name = SIOSocket.h; path = SocketIO/Source/SIOSocket.h; sourceTree = "<group>"; };
		6FA2815219A3435500A5C18E /* SIOSocket.m */ = {isa = PBXFileReference; fileEncoding = 4; lastKnownFileType = sourcecode.c.objc; name = SIOSocket.m; path = SocketIO/Source/SIOSocket.m; sourceTree = "<group>"; };
		6FA2815319A3435500A5C18E /* socket.io.js.h */ = {isa = PBXFileReference; fileEncoding = 4; lastKnownFileType = sourcecode.c.h; name = socket.io.js.h; path = SocketIO/Source/socket.io.js.h; sourceTree = "<group>"; };
/* End PBXFileReference section */

/* Begin PBXFrameworksBuildPhase section */
		6FA2811619A3423F00A5C18E /* Frameworks */ = {
			isa = PBXFrameworksBuildPhase;
			buildActionMask = 2147483647;
			files = (
				6FA2811F19A3423F00A5C18E /* CoreGraphics.framework in Frameworks */,
				6FA2812119A3423F00A5C18E /* UIKit.framework in Frameworks */,
				6FA2811D19A3423F00A5C18E /* Foundation.framework in Frameworks */,
			);
			runOnlyForDeploymentPostprocessing = 0;
		};
		6FA2813719A3423F00A5C18E /* Frameworks */ = {
			isa = PBXFrameworksBuildPhase;
			buildActionMask = 2147483647;
			files = (
				6FA2813C19A3423F00A5C18E /* XCTest.framework in Frameworks */,
				6FA2813E19A3423F00A5C18E /* UIKit.framework in Frameworks */,
				6FA2813D19A3423F00A5C18E /* Foundation.framework in Frameworks */,
			);
			runOnlyForDeploymentPostprocessing = 0;
		};
/* End PBXFrameworksBuildPhase section */

/* Begin PBXGroup section */
		6FA2811019A3423F00A5C18E = {
			isa = PBXGroup;
			children = (
				6FA2815119A3435500A5C18E /* SIOSocket.h */,
				6FA2815219A3435500A5C18E /* SIOSocket.m */,
				6FA2815319A3435500A5C18E /* socket.io.js.h */,
				6FA2812219A3423F00A5C18E /* chattest */,
				6FA2814119A3423F00A5C18E /* chattestTests */,
				6FA2811B19A3423F00A5C18E /* Frameworks */,
				6FA2811A19A3423F00A5C18E /* Products */,
			);
			sourceTree = "<group>";
		};
		6FA2811A19A3423F00A5C18E /* Products */ = {
			isa = PBXGroup;
			children = (
				6FA2811919A3423F00A5C18E /* chattest.app */,
				6FA2813A19A3423F00A5C18E /* chattestTests.xctest */,
			);
			name = Products;
			sourceTree = "<group>";
		};
		6FA2811B19A3423F00A5C18E /* Frameworks */ = {
			isa = PBXGroup;
			children = (
				6FA2811C19A3423F00A5C18E /* Foundation.framework */,
				6FA2811E19A3423F00A5C18E /* CoreGraphics.framework */,
				6FA2812019A3423F00A5C18E /* UIKit.framework */,
				6FA2813B19A3423F00A5C18E /* XCTest.framework */,
			);
			name = Frameworks;
			sourceTree = "<group>";
		};
		6FA2812219A3423F00A5C18E /* chattest */ = {
			isa = PBXGroup;
			children = (
				6FA2812B19A3423F00A5C18E /* ChatTestAppDelegate.h */,
				6FA2812C19A3423F00A5C18E /* ChatTestAppDelegate.m */,
				6FA2812E19A3423F00A5C18E /* Main.storyboard */,
				6FA2813119A3423F00A5C18E /* ChatTestViewController.h */,
				6FA2813219A3423F00A5C18E /* ChatTestViewController.m */,
				6FA2813419A3423F00A5C18E /* Images.xcassets */,
				6FA2812319A3423F00A5C18E /* Supporting Files */,
			);
			path = chattest;
			sourceTree = "<group>";
		};
		6FA2812319A3423F00A5C18E /* Supporting Files */ = {
			isa = PBXGroup;
			children = (
				6FA2812419A3423F00A5C18E /* chattest-Info.plist */,
				6FA2812519A3423F00A5C18E /* InfoPlist.strings */,
				6FA2812819A3423F00A5C18E /* main.m */,
				6FA2812A19A3423F00A5C18E /* chattest-Prefix.pch */,
			);
			name = "Supporting Files";
			sourceTree = "<group>";
		};
		6FA2814119A3423F00A5C18E /* chattestTests */ = {
			isa = PBXGroup;
			children = (
				6FA2814719A3423F00A5C18E /* chattestTests.m */,
				6FA2814219A3423F00A5C18E /* Supporting Files */,
			);
			path = chattestTests;
			sourceTree = "<group>";
		};
		6FA2814219A3423F00A5C18E /* Supporting Files */ = {
			isa = PBXGroup;
			children = (
				6FA2814319A3423F00A5C18E /* chattestTests-Info.plist */,
				6FA2814419A3423F00A5C18E /* InfoPlist.strings */,
			);
			name = "Supporting Files";
			sourceTree = "<group>";
		};
/* End PBXGroup section */

/* Begin PBXNativeTarget section */
		6FA2811819A3423F00A5C18E /* chattest */ = {
			isa = PBXNativeTarget;
			buildConfigurationList = 6FA2814B19A3423F00A5C18E /* Build configuration list for PBXNativeTarget "chattest" */;
			buildPhases = (
				6FA2811519A3423F00A5C18E /* Sources */,
				6FA2811619A3423F00A5C18E /* Frameworks */,
				6FA2811719A3423F00A5C18E /* Resources */,
			);
			buildRules = (
			);
			dependencies = (
			);
			name = chattest;
			productName = chattest;
			productReference = 6FA2811919A3423F00A5C18E /* chattest.app */;
			productType = "com.apple.product-type.application";
		};
		6FA2813919A3423F00A5C18E /* chattestTests */ = {
			isa = PBXNativeTarget;
			buildConfigurationList = 6FA2814E19A3423F00A5C18E /* Build configuration list for PBXNativeTarget "chattestTests" */;
			buildPhases = (
				6FA2813619A3423F00A5C18E /* Sources */,
				6FA2813719A3423F00A5C18E /* Frameworks */,
				6FA2813819A3423F00A5C18E /* Resources */,
			);
			buildRules = (
			);
			dependencies = (
				6FA2814019A3423F00A5C18E /* PBXTargetDependency */,
			);
			name = chattestTests;
			productName = chattestTests;
			productReference = 6FA2813A19A3423F00A5C18E /* chattestTests.xctest */;
			productType = "com.apple.product-type.bundle.unit-test";
		};
/* End PBXNativeTarget section */

/* Begin PBXProject section */
		6FA2811119A3423F00A5C18E /* Project object */ = {
			isa = PBXProject;
			attributes = {
				CLASSPREFIX = ChatTest;
				LastUpgradeCheck = 0510;
				ORGANIZATIONNAME = hsienwei;
				TargetAttributes = {
					6FA2813919A3423F00A5C18E = {
						TestTargetID = 6FA2811819A3423F00A5C18E;
					};
				};
			};
			buildConfigurationList = 6FA2811419A3423F00A5C18E /* Build configuration list for PBXProject "chattest" */;
			compatibilityVersion = "Xcode 3.2";
			developmentRegion = English;
			hasScannedForEncodings = 0;
			knownRegions = (
				en,
				Base,
			);
			mainGroup = 6FA2811019A3423F00A5C18E;
			productRefGroup = 6FA2811A19A3423F00A5C18E /* Products */;
			projectDirPath = "";
			projectRoot = "";
			targets = (
				6FA2811819A3423F00A5C18E /* chattest */,
				6FA2813919A3423F00A5C18E /* chattestTests */,
			);
		};
/* End PBXProject section */

/* Begin PBXResourcesBuildPhase section */
		6FA2811719A3423F00A5C18E /* Resources */ = {
			isa = PBXResourcesBuildPhase;
			buildActionMask = 2147483647;
			files = (
				6FA2813519A3423F00A5C18E /* Images.xcassets in Resources */,
				6FA2812719A3423F00A5C18E /* InfoPlist.strings in Resources */,
				6FA2813019A3423F00A5C18E /* Main.storyboard in Resources */,
			);
			runOnlyForDeploymentPostprocessing = 0;
		};
		6FA2813819A3423F00A5C18E /* Resources */ = {
			isa = PBXResourcesBuildPhase;
			buildActionMask = 2147483647;
			files = (
				6FA2814619A3423F00A5C18E /* InfoPlist.strings in Resources */,
			);
			runOnlyForDeploymentPostprocessing = 0;
		};
/* End PBXResourcesBuildPhase section */

/* Begin PBXSourcesBuildPhase section */
		6FA2811519A3423F00A5C18E /* Sources */ = {
			isa = PBXSourcesBuildPhase;
			buildActionMask = 2147483647;
			files = (
				6FA2812D19A3423F00A5C18E /* ChatTestAppDelegate.m in Sources */,
				6FA2813319A3423F00A5C18E /* ChatTestViewController.m in Sources */,
				6FA2815419A3435500A5C18E /* SIOSocket.m in Sources */,
				6FA2812919A3423F00A5C18E /* main.m in Sources */,
			);
			runOnlyForDeploymentPostprocessing = 0;
		};
		6FA2813619A3423F00A5C18E /* Sources */ = {
			isa = PBXSourcesBuildPhase;
			buildActionMask = 2147483647;
			files = (
				6FA2814819A3423F00A5C18E /* chattestTests.m in Sources */,
			);
			runOnlyForDeploymentPostprocessing = 0;
		};
/* End PBXSourcesBuildPhase section */

/* Begin PBXTargetDependency section */
		6FA2814019A3423F00A5C18E /* PBXTargetDependency */ = {
			isa = PBXTargetDependency;
			target = 6FA2811819A3423F00A5C18E /* chattest */;
			targetProxy = 6FA2813F19A3423F00A5C18E /* PBXContainerItemProxy */;
		};
/* End PBXTargetDependency section */

/* Begin PBXVariantGroup section */
		6FA2812519A3423F00A5C18E /* InfoPlist.strings */ = {
			isa = PBXVariantGroup;
			children = (
				6FA2812619A3423F00A5C18E /* en */,
			);
			name = InfoPlist.strings;
			sourceTree = "<group>";
		};
		6FA2812E19A3423F00A5C18E /* Main.storyboard */ = {
			isa = PBXVariantGroup;
			children = (
				6FA2812F19A3423F00A5C18E /* Base */,
			);
			name = Main.storyboard;
			sourceTree = "<group>";
		};
		6FA2814419A3423F00A5C18E /* InfoPlist.strings */ = {
			isa = PBXVariantGroup;
			children = (
				6FA2814519A3423F00A5C18E /* en */,
			);
			name = InfoPlist.strings;
			sourceTree = "<group>";
		};
/* End PBXVariantGroup section */

/* Begin XCBuildConfiguration section */
		6FA2814919A3423F00A5C18E /* Debug */ = {
			isa = XCBuildConfiguration;
			buildSettings = {
				ALWAYS_SEARCH_USER_PATHS = NO;
				CLANG_CXX_LANGUAGE_STANDARD = "gnu++0x";
				CLANG_CXX_LIBRARY = "libc++";
				CLANG_ENABLE_MODULES = YES;
				CLANG_ENABLE_OBJC_ARC = YES;
				CLANG_WARN_BOOL_CONVERSION = YES;
				CLANG_WARN_CONSTANT_CONVERSION = YES;
				CLANG_WARN_DIRECT_OBJC_ISA_USAGE = YES_ERROR;
				CLANG_WARN_EMPTY_BODY = YES;
				CLANG_WARN_ENUM_CONVERSION = YES;
				CLANG_WARN_INT_CONVERSION = YES;
				CLANG_WARN_OBJC_ROOT_CLASS = YES_ERROR;
				CLANG_WARN__DUPLICATE_METHOD_MATCH = YES;
				"CODE_SIGN_IDENTITY[sdk=iphoneos*]" = "iPhone Developer";
				COPY_PHASE_STRIP = NO;
				GCC_C_LANGUAGE_STANDARD = gnu99;
				GCC_DYNAMIC_NO_PIC = NO;
				GCC_OPTIMIZATION_LEVEL = 0;
				GCC_PREPROCESSOR_DEFINITIONS = (
					"DEBUG=1",
					"$(inherited)",
				);
				GCC_SYMBOLS_PRIVATE_EXTERN = NO;
				GCC_WARN_64_TO_32_BIT_CONVERSION = YES;
				GCC_WARN_ABOUT_RETURN_TYPE = YES_ERROR;
				GCC_WARN_UNDECLARED_SELECTOR = YES;
				GCC_WARN_UNINITIALIZED_AUTOS = YES_AGGRESSIVE;
				GCC_WARN_UNUSED_FUNCTION = YES;
				GCC_WARN_UNUSED_VARIABLE = YES;
				IPHONEOS_DEPLOYMENT_TARGET = 7.1;
				ONLY_ACTIVE_ARCH = YES;
				SDKROOT = iphoneos;
			};
			name = Debug;
		};
		6FA2814A19A3423F00A5C18E /* Release */ = {
			isa = XCBuildConfiguration;
			buildSettings = {
				ALWAYS_SEARCH_USER_PATHS = NO;
				CLANG_CXX_LANGUAGE_STANDARD = "gnu++0x";
				CLANG_CXX_LIBRARY = "libc++";
				CLANG_ENABLE_MODULES = YES;
				CLANG_ENABLE_OBJC_ARC = YES;
				CLANG_WARN_BOOL_CONVERSION = YES;
				CLANG_WARN_CONSTANT_CONVERSION = YES;
				CLANG_WARN_DIRECT_OBJC_ISA_USAGE = YES_ERROR;
				CLANG_WARN_EMPTY_BODY = YES;
				CLANG_WARN_ENUM_CONVERSION = YES;
				CLANG_WARN_INT_CONVERSION = YES;
				CLANG_WARN_OBJC_ROOT_CLASS = YES_ERROR;
				CLANG_WARN__DUPLICATE_METHOD_MATCH = YES;
				"CODE_SIGN_IDENTITY[sdk=iphoneos*]" = "iPhone Developer";
				COPY_PHASE_STRIP = YES;
				ENABLE_NS_ASSERTIONS = NO;
				GCC_C_LANGUAGE_STANDARD = gnu99;
				GCC_WARN_64_TO_32_BIT_CONVERSION = YES;
				GCC_WARN_ABOUT_RETURN_TYPE = YES_ERROR;
				GCC_WARN_UNDECLARED_SELECTOR = YES;
				GCC_WARN_UNINITIALIZED_AUTOS = YES_AGGRESSIVE;
				GCC_WARN_UNUSED_FUNCTION = YES;
				GCC_WARN_UNUSED_VARIABLE = YES;
				IPHONEOS_DEPLOYMENT_TARGET = 7.1;
				SDKROOT = iphoneos;
				VALIDATE_PRODUCT = YES;
			};
			name = Release;
		};
		6FA2814C19A3423F00A5C18E /* Debug */ = {
			isa = XCBuildConfiguration;
			buildSettings = {
				ASSETCATALOG_COMPILER_APPICON_NAME = AppIcon;
				ASSETCATALOG_COMPILER_LAUNCHIMAGE_NAME = LaunchImage;
				GCC_PRECOMPILE_PREFIX_HEADER = YES;
				GCC_PREFIX_HEADER = "chattest/chattest-Prefix.pch";
				INFOPLIST_FILE = "chattest/chattest-Info.plist";
				PRODUCT_NAME = "$(TARGET_NAME)";
				WRAPPER_EXTENSION = app;
			};
			name = Debug;
		};
		6FA2814D19A3423F00A5C18E /* Release */ = {
			isa = XCBuildConfiguration;
			buildSettings = {
				ASSETCATALOG_COMPILER_APPICON_NAME = AppIcon;
				ASSETCATALOG_COMPILER_LAUNCHIMAGE_NAME = LaunchImage;
				GCC_PRECOMPILE_PREFIX_HEADER = YES;
				GCC_PREFIX_HEADER = "chattest/chattest-Prefix.pch";
				INFOPLIST_FILE = "chattest/chattest-Info.plist";
				PRODUCT_NAME = "$(TARGET_NAME)";
				WRAPPER_EXTENSION = app;
			};
			name = Release;
		};
		6FA2814F19A3423F00A5C18E /* Debug */ = {
			isa = XCBuildConfiguration;
			buildSettings = {
				BUNDLE_LOADER = "$(BUILT_PRODUCTS_DIR)/chattest.app/chattest";
				FRAMEWORK_SEARCH_PATHS = (
					"$(SDKROOT)/Developer/Library/Frameworks",
					"$(inherited)",
					"$(DEVELOPER_FRAMEWORKS_DIR)",
				);
				GCC_PRECOMPILE_PREFIX_HEADER = YES;
				GCC_PREFIX_HEADER = "chattest/chattest-Prefix.pch";
				GCC_PREPROCESSOR_DEFINITIONS = (
					"DEBUG=1",
					"$(inherited)",
				);
				INFOPLIST_FILE = "chattestTests/chattestTests-Info.plist";
				PRODUCT_NAME = "$(TARGET_NAME)";
				TEST_HOST = "$(BUNDLE_LOADER)";
				WRAPPER_EXTENSION = xctest;
			};
			name = Debug;
		};
		6FA2815019A3423F00A5C18E /* Release */ = {
			isa = XCBuildConfiguration;
			buildSettings = {
				BUNDLE_LOADER = "$(BUILT_PRODUCTS_DIR)/chattest.app/chattest";
				FRAMEWORK_SEARCH_PATHS = (
					"$(SDKROOT)/Developer/Library/Frameworks",
					"$(inherited)",
					"$(DEVELOPER_FRAMEWORKS_DIR)",
				);
				GCC_PRECOMPILE_PREFIX_HEADER = YES;
				GCC_PREFIX_HEADER = "chattest/chattest-Prefix.pch";
				INFOPLIST_FILE = "chattestTests/chattestTests-Info.plist";
				PRODUCT_NAME = "$(TARGET_NAME)";
				TEST_HOST = "$(BUNDLE_LOADER)";
				WRAPPER_EXTENSION = xctest;
			};
			name = Release;
		};
/* End XCBuildConfiguration section */

/* Begin XCConfigurationList section */
		6FA2811419A3423F00A5C18E /* Build configuration list for PBXProject "chattest" */ = {
			isa = XCConfigurationList;
			buildConfigurations = (
				6FA2814919A3423F00A5C18E /* Debug */,
				6FA2814A19A3423F00A5C18E /* Release */,
			);
			defaultConfigurationIsVisible = 0;
			defaultConfigurationName = Release;
		};
		6FA2814B19A3423F00A5C18E /* Build configuration list for PBXNativeTarget "chattest" */ = {
			isa = XCConfigurationList;
			buildConfigurations = (
				6FA2814C19A3423F00A5C18E /* Debug */,
				6FA2814D19A3423F00A5C18E /* Release */,
			);
			defaultConfigurationIsVisible = 0;
		};
		6FA2814E19A3423F00A5C18E /* Build configuration list for PBXNativeTarget "chattestTests" */ = {
			isa = XCConfigurationList;
			buildConfigurations = (
				6FA2814F19A3423F00A5C18E /* Debug */,
				6FA2815019A3423F00A5C18E /* Release */,
			);
			defaultConfigurationIsVisible = 0;
		};
/* End XCConfigurationList section */
	};
	rootObject = 6FA2811119A3423F00A5C18E /* Project object */;
}
